
Microsoft Visual Studio Solution File, Format Version 12.00
# Visual Studio Version 16
VisualStudioVersion = 16.0.29306.81
MinimumVisualStudioVersion = 10.0.40219.1
Project("{FAE04EC0-301F-11D3-BF4B-00C04F79EFBC}") = "CSharpFundamentals", "CSharpFundamentals\CSharpFundamentals.csproj", "{0FDD9833-042C-4718-AA7C-7C336B966BCA}"
EndProject
Project("{FAE04EC0-301F-11D3-BF4B-00C04F79EFBC}") = "01_Types", "01_Types\01_Types.csproj", "{CA27D65B-C323-497C-81E5-BB8E76887373}"
EndProject
Project("{FAE04EC0-301F-11D3-BF4B-00C04F79EFBC}") = "02_Conditionals", "02_Conditionals\02_Conditionals.csproj", "{6963E769-CBD8-4078-963B-88BB8CBE8481}"
EndProject
Project("{FAE04EC0-301F-11D3-BF4B-00C04F79EFBC}") = "03_Loops", "03_Loops\03_Loops.csproj", "{A425D501-81C1-47BD-A212-9B13461C5B7C}"
EndProject
Project("{FAE04EC0-301F-11D3-BF4B-00C04F79EFBC}") = "04_Methods", "04_Methods\04_Methods.csproj", "{47245A73-DC45-49CF-8A55-E0250D0F27C2}"
EndProject
Project("{FAE04EC0-301F-11D3-BF4B-00C04F79EFBC}") = "05_Classes", "05_Classes\05_Classes.csproj", "{8CB66A7F-B951-4B98-9378-2CFE860B747D}"
EndProject
Project("{FAE04EC0-301F-11D3-BF4B-00C04F79EFBC}") = "05_ClassesTests", "05_ClassesTests\05_ClassesTests.csproj", "{0728DADC-09D4-43BF-BF03-244EF171C585}"
EndProject
Project("{FAE04EC0-301F-11D3-BF4B-00C04F79EFBC}") = "06_CalculatorRepository", "06_CalculatorRepository\06_CalculatorRepository.csproj", "{EF9DD85C-E299-44B9-AC0D-3E8E7092B510}"
EndProject
Project("{FAE04EC0-301F-11D3-BF4B-00C04F79EFBC}") = "06_CalculatorRepositoryTests", "06_CalculatorRepositoryTests\06_CalculatorRepositoryTests.csproj", "{C70449EF-98B7-4F40-B8CA-11A893F9BCE5}"
EndProject
Project("{FAE04EC0-301F-11D3-BF4B-00C04F79EFBC}") = "06_CalculatorRepositoryConsole", "06_CalculatorRepositoryConsole\06_CalculatorRepositoryConsole.csproj", "{925CF4A2-31D9-4871-8740-6EEB1E3FB6F3}"
EndProject
Global
	GlobalSection(SolutionConfigurationPlatforms) = preSolution
		Debug|Any CPU = Debug|Any CPU
		Release|Any CPU = Release|Any CPU
	EndGlobalSection
	GlobalSection(ProjectConfigurationPlatforms) = postSolution
		{0FDD9833-042C-4718-AA7C-7C336B966BCA}.Debug|Any CPU.ActiveCfg = Debug|Any CPU
		{0FDD9833-042C-4718-AA7C-7C336B966BCA}.Debug|Any CPU.Build.0 = Debug|Any CPU
		{0FDD9833-042C-4718-AA7C-7C336B966BCA}.Release|Any CPU.ActiveCfg = Release|Any CPU
		{0FDD9833-042C-4718-AA7C-7C336B966BCA}.Release|Any CPU.Build.0 = Release|Any CPU
		{CA27D65B-C323-497C-81E5-BB8E76887373}.Debug|Any CPU.ActiveCfg = Debug|Any CPU
		{CA27D65B-C323-497C-81E5-BB8E76887373}.Debug|Any CPU.Build.0 = Debug|Any CPU
		{CA27D65B-C323-497C-81E5-BB8E76887373}.Release|Any CPU.ActiveCfg = Release|Any CPU
		{CA27D65B-C323-497C-81E5-BB8E76887373}.Release|Any CPU.Build.0 = Release|Any CPU
		{6963E769-CBD8-4078-963B-88BB8CBE8481}.Debug|Any CPU.ActiveCfg = Debug|Any CPU
		{6963E769-CBD8-4078-963B-88BB8CBE8481}.Debug|Any CPU.Build.0 = Debug|Any CPU
		{6963E769-CBD8-4078-963B-88BB8CBE8481}.Release|Any CPU.ActiveCfg = Release|Any CPU
		{6963E769-CBD8-4078-963B-88BB8CBE8481}.Release|Any CPU.Build.0 = Release|Any CPU
		{A425D501-81C1-47BD-A212-9B13461C5B7C}.Debug|Any CPU.ActiveCfg = Debug|Any CPU
		{A425D501-81C1-47BD-A212-9B13461C5B7C}.Debug|Any CPU.Build.0 = Debug|Any CPU
		{A425D501-81C1-47BD-A212-9B13461C5B7C}.Release|Any CPU.ActiveCfg = Release|Any CPU
		{A425D501-81C1-47BD-A212-9B13461C5B7C}.Release|Any CPU.Build.0 = Release|Any CPU
		{47245A73-DC45-49CF-8A55-E0250D0F27C2}.Debug|Any CPU.ActiveCfg = Debug|Any CPU
		{47245A73-DC45-49CF-8A55-E0250D0F27C2}.Debug|Any CPU.Build.0 = Debug|Any CPU
		{47245A73-DC45-49CF-8A55-E0250D0F27C2}.Release|Any CPU.ActiveCfg = Release|Any CPU
		{47245A73-DC45-49CF-8A55-E0250D0F27C2}.Release|Any CPU.Build.0 = Release|Any CPU
		{8CB66A7F-B951-4B98-9378-2CFE860B747D}.Debug|Any CPU.ActiveCfg = Debug|Any CPU
		{8CB66A7F-B951-4B98-9378-2CFE860B747D}.Debug|Any CPU.Build.0 = Debug|Any CPU
		{8CB66A7F-B951-4B98-9378-2CFE860B747D}.Release|Any CPU.ActiveCfg = Release|Any CPU
		{8CB66A7F-B951-4B98-9378-2CFE860B747D}.Release|Any CPU.Build.0 = Release|Any CPU
		{0728DADC-09D4-43BF-BF03-244EF171C585}.Debug|Any CPU.ActiveCfg = Debug|Any CPU
		{0728DADC-09D4-43BF-BF03-244EF171C585}.Debug|Any CPU.Build.0 = Debug|Any CPU
		{0728DADC-09D4-43BF-BF03-244EF171C585}.Release|Any CPU.ActiveCfg = Release|Any CPU
		{0728DADC-09D4-43BF-BF03-244EF171C585}.Release|Any CPU.Build.0 = Release|Any CPU
		{EF9DD85C-E299-44B9-AC0D-3E8E7092B510}.Debug|Any CPU.ActiveCfg = Debug|Any CPU
		{EF9DD85C-E299-44B9-AC0D-3E8E7092B510}.Debug|Any CPU.Build.0 = Debug|Any CPU
		{EF9DD85C-E299-44B9-AC0D-3E8E7092B510}.Release|Any CPU.ActiveCfg = Release|Any CPU
		{EF9DD85C-E299-44B9-AC0D-3E8E7092B510}.Release|Any CPU.Build.0 = Release|Any CPU
		{C70449EF-98B7-4F40-B8CA-11A893F9BCE5}.Debug|Any CPU.ActiveCfg = Debug|Any CPU
		{C70449EF-98B7-4F40-B8CA-11A893F9BCE5}.Debug|Any CPU.Build.0 = Debug|Any CPU
		{C70449EF-98B7-4F40-B8CA-11A893F9BCE5}.Release|Any CPU.ActiveCfg = Release|Any CPU
		{C70449EF-98B7-4F40-B8CA-11A893F9BCE5}.Release|Any CPU.Build.0 = Release|Any CPU
		{925CF4A2-31D9-4871-8740-6EEB1E3FB6F3}.Debug|Any CPU.ActiveCfg = Debug|Any CPU
		{925CF4A2-31D9-4871-8740-6EEB1E3FB6F3}.Debug|Any CPU.Build.0 = Debug|Any CPU
		{925CF4A2-31D9-4871-8740-6EEB1E3FB6F3}.Release|Any CPU.ActiveCfg = Release|Any CPU
		{925CF4A2-31D9-4871-8740-6EEB1E3FB6F3}.Release|Any CPU.Build.0 = Release|Any CPU
	EndGlobalSection
	GlobalSection(SolutionProperties) = preSolution
		HideSolutionNode = FALSE
	EndGlobalSection
	GlobalSection(ExtensibilityGlobals) = postSolution
		SolutionGuid = {72C6C918-FDE9-426A-8E6D-83A91A0F0EFE}
	EndGlobalSection
EndGlobal
